
Microsoft Visual Studio Solution File, Format Version 12.00
# Visual Studio 14
VisualStudioVersion = 14.0.24720.0
MinimumVisualStudioVersion = 10.0.40219.1
Project("{FAE04EC0-301F-11D3-BF4B-00C04F79EFBC}") = "Boxing.Api.Services", "Boxing.Api.Services\Boxing.Api.Services.csproj", "{C04182BD-AA7C-418C-98C1-72154F3D7FB0}"
EndProject
Project("{FAE04EC0-301F-11D3-BF4B-00C04F79EFBC}") = "Boxing.Contracts", "Boxing.Contracts\Boxing.Contracts.csproj", "{32E8253E-8B84-4BCF-9B14-3B890BE653BC}"
EndProject
Project("{FAE04EC0-301F-11D3-BF4B-00C04F79EFBC}") = "Boxing.Core.Services", "Boxing.Core.Services\Boxing.Core.Services.csproj", "{F3CBF550-F456-43D9-A778-AE56903F7D4B}"
EndProject
Project("{FAE04EC0-301F-11D3-BF4B-00C04F79EFBC}") = "Boxing.Core.Sql", "Boxing.Core.Sql\Boxing.Core.Sql.csproj", "{96832729-BCDC-41F5-B416-6251E6225AA4}"
EndProject
Project("{FAE04EC0-301F-11D3-BF4B-00C04F79EFBC}") = "Boxing", "Boxing\Boxing.csproj", "{D64359A4-C61F-42D9-BDD0-C7DC81579A2F}"
	ProjectSection(ProjectDependencies) = postProject
		{32E8253E-8B84-4BCF-9B14-3B890BE653BC} = {32E8253E-8B84-4BCF-9B14-3B890BE653BC}
	EndProjectSection
EndProject
Global
	GlobalSection(SolutionConfigurationPlatforms) = preSolution
		Debug|Any CPU = Debug|Any CPU
		Release|Any CPU = Release|Any CPU
	EndGlobalSection
	GlobalSection(ProjectConfigurationPlatforms) = postSolution
		{C04182BD-AA7C-418C-98C1-72154F3D7FB0}.Debug|Any CPU.ActiveCfg = Debug|Any CPU
		{C04182BD-AA7C-418C-98C1-72154F3D7FB0}.Debug|Any CPU.Build.0 = Debug|Any CPU
		{C04182BD-AA7C-418C-98C1-72154F3D7FB0}.Release|Any CPU.ActiveCfg = Release|Any CPU
		{C04182BD-AA7C-418C-98C1-72154F3D7FB0}.Release|Any CPU.Build.0 = Release|Any CPU
		{32E8253E-8B84-4BCF-9B14-3B890BE653BC}.Debug|Any CPU.ActiveCfg = Debug|Any CPU
		{32E8253E-8B84-4BCF-9B14-3B890BE653BC}.Debug|Any CPU.Build.0 = Debug|Any CPU
		{32E8253E-8B84-4BCF-9B14-3B890BE653BC}.Release|Any CPU.ActiveCfg = Release|Any CPU
		{32E8253E-8B84-4BCF-9B14-3B890BE653BC}.Release|Any CPU.Build.0 = Release|Any CPU
		{F3CBF550-F456-43D9-A778-AE56903F7D4B}.Debug|Any CPU.ActiveCfg = Debug|Any CPU
		{F3CBF550-F456-43D9-A778-AE56903F7D4B}.Debug|Any CPU.Build.0 = Debug|Any CPU
		{F3CBF550-F456-43D9-A778-AE56903F7D4B}.Release|Any CPU.ActiveCfg = Release|Any CPU
		{F3CBF550-F456-43D9-A778-AE56903F7D4B}.Release|Any CPU.Build.0 = Release|Any CPU
		{96832729-BCDC-41F5-B416-6251E6225AA4}.Debug|Any CPU.ActiveCfg = Debug|Any CPU
		{96832729-BCDC-41F5-B416-6251E6225AA4}.Debug|Any CPU.Build.0 = Debug|Any CPU
		{96832729-BCDC-41F5-B416-6251E6225AA4}.Release|Any CPU.ActiveCfg = Release|Any CPU
		{96832729-BCDC-41F5-B416-6251E6225AA4}.Release|Any CPU.Build.0 = Release|Any CPU
		{D64359A4-C61F-42D9-BDD0-C7DC81579A2F}.Debug|Any CPU.ActiveCfg = Debug|Any CPU
		{D64359A4-C61F-42D9-BDD0-C7DC81579A2F}.Debug|Any CPU.Build.0 = Debug|Any CPU
		{D64359A4-C61F-42D9-BDD0-C7DC81579A2F}.Release|Any CPU.ActiveCfg = Release|Any CPU
		{D64359A4-C61F-42D9-BDD0-C7DC81579A2F}.Release|Any CPU.Build.0 = Release|Any CPU
	EndGlobalSection
	GlobalSection(SolutionProperties) = preSolution
		HideSolutionNode = FALSE
	EndGlobalSection
EndGlobal
